
Microsoft Visual Studio Solution File, Format Version 12.00
# Visual Studio Version 16
VisualStudioVersion = 16.0.29418.71
MinimumVisualStudioVersion = 10.0.40219.1
Project("{FAE04EC0-301F-11D3-BF4B-00C04F79EFBC}") = "SFCSharpWin", "SFCSharpWin\SFCSharpWin.csproj", "{D1DD621D-6A75-4EAD-8E45-5CA771E02352}"
EndProject
Project("{FAE04EC0-301F-11D3-BF4B-00C04F79EFBC}") = "SFCSWin0100_Hi", "SFCSWin0100_Hi\SFCSWin0100_Hi.csproj", "{3360D5E6-9F62-4292-AA27-844A76C22367}"
EndProject
Project("{FAE04EC0-301F-11D3-BF4B-00C04F79EFBC}") = "SFCSWin0110_TwoForms", "SFCSWin0110_TwoForms\SFCSWin0110_TwoForms.csproj", "{EE16C611-7F08-45EB-A41D-172BE4E4A260}"
EndProject
Project("{FAE04EC0-301F-11D3-BF4B-00C04F79EFBC}") = "SFCSWin0120_MessageBox", "SFCSWin0120_MessageBox\SFCSWin0120_MessageBox.csproj", "{59A17193-1D4C-40C7-970F-68D453E81EDF}"
EndProject
Project("{FAE04EC0-301F-11D3-BF4B-00C04F79EFBC}") = "SFCSWin0130_BasicControls", "SFCSWin0130_BasicControls\SFCSWin0130_BasicControls.csproj", "{E8DE3636-C50C-43FF-BF6A-18532AF02B67}"
EndProject
Project("{FAE04EC0-301F-11D3-BF4B-00C04F79EFBC}") = "SFCSWin0140_Label", "SFCSWin0140_Label\SFCSWin0140_Label.csproj", "{E86CBC99-0C01-42AD-B752-92BCE4B54A55}"
EndProject
Project("{FAE04EC0-301F-11D3-BF4B-00C04F79EFBC}") = "SFCSWin0150_Flag", "SFCSWin0150_Flag\SFCSWin0150_Flag.csproj", "{C8A3BD74-5B09-473C-BDAD-0B0113FFE1AE}"
EndProject
Project("{FAE04EC0-301F-11D3-BF4B-00C04F79EFBC}") = "SFCSWin0160_CheckBox", "SFCSWin0160_CheckBox\SFCSWin0160_CheckBox.csproj", "{4D6936A7-1A57-4A5E-B903-179ECE5577B2}"
EndProject
Project("{FAE04EC0-301F-11D3-BF4B-00C04F79EFBC}") = "SFCSWin0170_RadioBox", "SFCSWin0170_RadioBox\SFCSWin0170_RadioBox.csproj", "{64A22D30-C22F-4BA3-A2D7-5C4B996278DB}"
EndProject
Project("{FAE04EC0-301F-11D3-BF4B-00C04F79EFBC}") = "SFCSWin0180_Login", "SFCSWin0180_Login\SFCSWin0180_Login.csproj", "{19C945D5-C3A3-4F45-A401-404C1CBD4809}"
EndProject
Project("{FAE04EC0-301F-11D3-BF4B-00C04F79EFBC}") = "SFCSWin0190_ScoreCalc", "SFCSWin0190_ScoreCalc\SFCSWin0190_ScoreCalc.csproj", "{89D3F717-93FF-49AD-80BD-6CD8409654BF}"
EndProject
Project("{FAE04EC0-301F-11D3-BF4B-00C04F79EFBC}") = "SFCSWin0200_MaskedTextBox", "SFCSWin0200_MaskedTextBox\SFCSWin0200_MaskedTextBox.csproj", "{8A0CBA8C-9D05-4A0B-913D-BB86D1EADA61}"
EndProject
Project("{FAE04EC0-301F-11D3-BF4B-00C04F79EFBC}") = "SFCSWin0210_RgbScrollBar", "SFCSWin0210_RgbScrollBar\SFCSWin0210_RgbScrollBar.csproj", "{46016955-1763-4E2C-A8C8-8A034E32F317}"
EndProject
Project("{FAE04EC0-301F-11D3-BF4B-00C04F79EFBC}") = "SFCSWin0220_ListBox", "SFCSWin0220_ListBox\SFCSWin0220_ListBox.csproj", "{2D17F864-FCC8-4593-9E71-F81BE505F0EF}"
EndProject
Project("{FAE04EC0-301F-11D3-BF4B-00C04F79EFBC}") = "SFCSWin0230_ComboBox", "SFCSWin0230_ComboBox\SFCSWin0230_ComboBox.csproj", "{DCD7945C-7D0A-4630-B90C-DE8231737EA6}"
EndProject
Project("{FAE04EC0-301F-11D3-BF4B-00C04F79EFBC}") = "SFCSWin0240_CheckedListBox", "SFCSWin0240_CheckedListBox\SFCSWin0240_CheckedListBox.csproj", "{43764852-6F6C-4B55-8884-EBF8DF5F56E2}"
EndProject
Project("{FAE04EC0-301F-11D3-BF4B-00C04F79EFBC}") = "SFCSWin0250_GradeCalc", "SFCSWin0250_GradeCalc\SFCSWin0250_GradeCalc.csproj", "{B7AFC7DD-A7F0-47E7-B473-C8D90C1317E1}"
EndProject
Project("{FAE04EC0-301F-11D3-BF4B-00C04F79EFBC}") = "SFCSWin0260_ListView", "SFCSWin0260_ListView\SFCSWin0260_ListView.csproj", "{F9C38B86-B17D-457F-936E-304C482CFBC7}"
EndProject
Project("{FAE04EC0-301F-11D3-BF4B-00C04F79EFBC}") = "SFCSWin0270_TreeView", "SFCSWin0270_TreeView\SFCSWin0270_TreeView.csproj", "{6A44B8F9-DA79-45A8-B8D2-C6AAC6B1DAFB}"
EndProject
Project("{FAE04EC0-301F-11D3-BF4B-00C04F79EFBC}") = "SFCSWin0280_Timer", "SFCSWin0280_Timer\SFCSWin0280_Timer.csproj", "{CA9337C4-6BD6-45D0-A6E7-DCDEF78B4DFF}"
EndProject
Project("{FAE04EC0-301F-11D3-BF4B-00C04F79EFBC}") = "SFCSWin0300_ListViewDB", "SFCSWin0300_ListViewDB\SFCSWin0300_ListViewDB.csproj", "{7B69F326-BB08-45CF-8988-88DA73DFE2B6}"
EndProject
Project("{FAE04EC0-301F-11D3-BF4B-00C04F79EFBC}") = "SFCSWin0290_ListView", "SFCSWin0290_ListView\SFCSWin0290_ListView.csproj", "{FF8B0A81-A16A-4B5F-905F-D1C70A18DA0E}"
EndProject
Global
	GlobalSection(SolutionConfigurationPlatforms) = preSolution
		Debug|Any CPU = Debug|Any CPU
		Release|Any CPU = Release|Any CPU
	EndGlobalSection
	GlobalSection(ProjectConfigurationPlatforms) = postSolution
		{D1DD621D-6A75-4EAD-8E45-5CA771E02352}.Debug|Any CPU.ActiveCfg = Debug|Any CPU
		{D1DD621D-6A75-4EAD-8E45-5CA771E02352}.Debug|Any CPU.Build.0 = Debug|Any CPU
		{D1DD621D-6A75-4EAD-8E45-5CA771E02352}.Release|Any CPU.ActiveCfg = Release|Any CPU
		{D1DD621D-6A75-4EAD-8E45-5CA771E02352}.Release|Any CPU.Build.0 = Release|Any CPU
		{3360D5E6-9F62-4292-AA27-844A76C22367}.Debug|Any CPU.ActiveCfg = Debug|Any CPU
		{3360D5E6-9F62-4292-AA27-844A76C22367}.Debug|Any CPU.Build.0 = Debug|Any CPU
		{3360D5E6-9F62-4292-AA27-844A76C22367}.Release|Any CPU.ActiveCfg = Release|Any CPU
		{3360D5E6-9F62-4292-AA27-844A76C22367}.Release|Any CPU.Build.0 = Release|Any CPU
		{EE16C611-7F08-45EB-A41D-172BE4E4A260}.Debug|Any CPU.ActiveCfg = Debug|Any CPU
		{EE16C611-7F08-45EB-A41D-172BE4E4A260}.Debug|Any CPU.Build.0 = Debug|Any CPU
		{EE16C611-7F08-45EB-A41D-172BE4E4A260}.Release|Any CPU.ActiveCfg = Release|Any CPU
		{EE16C611-7F08-45EB-A41D-172BE4E4A260}.Release|Any CPU.Build.0 = Release|Any CPU
		{59A17193-1D4C-40C7-970F-68D453E81EDF}.Debug|Any CPU.ActiveCfg = Debug|Any CPU
		{59A17193-1D4C-40C7-970F-68D453E81EDF}.Debug|Any CPU.Build.0 = Debug|Any CPU
		{59A17193-1D4C-40C7-970F-68D453E81EDF}.Release|Any CPU.ActiveCfg = Release|Any CPU
		{59A17193-1D4C-40C7-970F-68D453E81EDF}.Release|Any CPU.Build.0 = Release|Any CPU
		{E8DE3636-C50C-43FF-BF6A-18532AF02B67}.Debug|Any CPU.ActiveCfg = Debug|Any CPU
		{E8DE3636-C50C-43FF-BF6A-18532AF02B67}.Debug|Any CPU.Build.0 = Debug|Any CPU
		{E8DE3636-C50C-43FF-BF6A-18532AF02B67}.Release|Any CPU.ActiveCfg = Release|Any CPU
		{E8DE3636-C50C-43FF-BF6A-18532AF02B67}.Release|Any CPU.Build.0 = Release|Any CPU
		{E86CBC99-0C01-42AD-B752-92BCE4B54A55}.Debug|Any CPU.ActiveCfg = Debug|Any CPU
		{E86CBC99-0C01-42AD-B752-92BCE4B54A55}.Debug|Any CPU.Build.0 = Debug|Any CPU
		{E86CBC99-0C01-42AD-B752-92BCE4B54A55}.Release|Any CPU.ActiveCfg = Release|Any CPU
		{E86CBC99-0C01-42AD-B752-92BCE4B54A55}.Release|Any CPU.Build.0 = Release|Any CPU
		{C8A3BD74-5B09-473C-BDAD-0B0113FFE1AE}.Debug|Any CPU.ActiveCfg = Debug|Any CPU
		{C8A3BD74-5B09-473C-BDAD-0B0113FFE1AE}.Debug|Any CPU.Build.0 = Debug|Any CPU
		{C8A3BD74-5B09-473C-BDAD-0B0113FFE1AE}.Release|Any CPU.ActiveCfg = Release|Any CPU
		{C8A3BD74-5B09-473C-BDAD-0B0113FFE1AE}.Release|Any CPU.Build.0 = Release|Any CPU
		{4D6936A7-1A57-4A5E-B903-179ECE5577B2}.Debug|Any CPU.ActiveCfg = Debug|Any CPU
		{4D6936A7-1A57-4A5E-B903-179ECE5577B2}.Debug|Any CPU.Build.0 = Debug|Any CPU
		{4D6936A7-1A57-4A5E-B903-179ECE5577B2}.Release|Any CPU.ActiveCfg = Release|Any CPU
		{4D6936A7-1A57-4A5E-B903-179ECE5577B2}.Release|Any CPU.Build.0 = Release|Any CPU
		{64A22D30-C22F-4BA3-A2D7-5C4B996278DB}.Debug|Any CPU.ActiveCfg = Debug|Any CPU
		{64A22D30-C22F-4BA3-A2D7-5C4B996278DB}.Debug|Any CPU.Build.0 = Debug|Any CPU
		{64A22D30-C22F-4BA3-A2D7-5C4B996278DB}.Release|Any CPU.ActiveCfg = Release|Any CPU
		{64A22D30-C22F-4BA3-A2D7-5C4B996278DB}.Release|Any CPU.Build.0 = Release|Any CPU
		{19C945D5-C3A3-4F45-A401-404C1CBD4809}.Debug|Any CPU.ActiveCfg = Debug|Any CPU
		{19C945D5-C3A3-4F45-A401-404C1CBD4809}.Debug|Any CPU.Build.0 = Debug|Any CPU
		{19C945D5-C3A3-4F45-A401-404C1CBD4809}.Release|Any CPU.ActiveCfg = Release|Any CPU
		{19C945D5-C3A3-4F45-A401-404C1CBD4809}.Release|Any CPU.Build.0 = Release|Any CPU
		{89D3F717-93FF-49AD-80BD-6CD8409654BF}.Debug|Any CPU.ActiveCfg = Debug|Any CPU
		{89D3F717-93FF-49AD-80BD-6CD8409654BF}.Debug|Any CPU.Build.0 = Debug|Any CPU
		{89D3F717-93FF-49AD-80BD-6CD8409654BF}.Release|Any CPU.ActiveCfg = Release|Any CPU
		{89D3F717-93FF-49AD-80BD-6CD8409654BF}.Release|Any CPU.Build.0 = Release|Any CPU
		{8A0CBA8C-9D05-4A0B-913D-BB86D1EADA61}.Debug|Any CPU.ActiveCfg = Debug|Any CPU
		{8A0CBA8C-9D05-4A0B-913D-BB86D1EADA61}.Debug|Any CPU.Build.0 = Debug|Any CPU
		{8A0CBA8C-9D05-4A0B-913D-BB86D1EADA61}.Release|Any CPU.ActiveCfg = Release|Any CPU
		{8A0CBA8C-9D05-4A0B-913D-BB86D1EADA61}.Release|Any CPU.Build.0 = Release|Any CPU
		{46016955-1763-4E2C-A8C8-8A034E32F317}.Debug|Any CPU.ActiveCfg = Debug|Any CPU
		{46016955-1763-4E2C-A8C8-8A034E32F317}.Debug|Any CPU.Build.0 = Debug|Any CPU
		{46016955-1763-4E2C-A8C8-8A034E32F317}.Release|Any CPU.ActiveCfg = Release|Any CPU
		{46016955-1763-4E2C-A8C8-8A034E32F317}.Release|Any CPU.Build.0 = Release|Any CPU
		{2D17F864-FCC8-4593-9E71-F81BE505F0EF}.Debug|Any CPU.ActiveCfg = Debug|Any CPU
		{2D17F864-FCC8-4593-9E71-F81BE505F0EF}.Debug|Any CPU.Build.0 = Debug|Any CPU
		{2D17F864-FCC8-4593-9E71-F81BE505F0EF}.Release|Any CPU.ActiveCfg = Release|Any CPU
		{2D17F864-FCC8-4593-9E71-F81BE505F0EF}.Release|Any CPU.Build.0 = Release|Any CPU
		{DCD7945C-7D0A-4630-B90C-DE8231737EA6}.Debug|Any CPU.ActiveCfg = Debug|Any CPU
		{DCD7945C-7D0A-4630-B90C-DE8231737EA6}.Debug|Any CPU.Build.0 = Debug|Any CPU
		{DCD7945C-7D0A-4630-B90C-DE8231737EA6}.Release|Any CPU.ActiveCfg = Release|Any CPU
		{DCD7945C-7D0A-4630-B90C-DE8231737EA6}.Release|Any CPU.Build.0 = Release|Any CPU
		{43764852-6F6C-4B55-8884-EBF8DF5F56E2}.Debug|Any CPU.ActiveCfg = Debug|Any CPU
		{43764852-6F6C-4B55-8884-EBF8DF5F56E2}.Debug|Any CPU.Build.0 = Debug|Any CPU
		{43764852-6F6C-4B55-8884-EBF8DF5F56E2}.Release|Any CPU.ActiveCfg = Release|Any CPU
		{43764852-6F6C-4B55-8884-EBF8DF5F56E2}.Release|Any CPU.Build.0 = Release|Any CPU
		{B7AFC7DD-A7F0-47E7-B473-C8D90C1317E1}.Debug|Any CPU.ActiveCfg = Debug|Any CPU
		{B7AFC7DD-A7F0-47E7-B473-C8D90C1317E1}.Debug|Any CPU.Build.0 = Debug|Any CPU
		{B7AFC7DD-A7F0-47E7-B473-C8D90C1317E1}.Release|Any CPU.ActiveCfg = Release|Any CPU
		{B7AFC7DD-A7F0-47E7-B473-C8D90C1317E1}.Release|Any CPU.Build.0 = Release|Any CPU
		{F9C38B86-B17D-457F-936E-304C482CFBC7}.Debug|Any CPU.ActiveCfg = Debug|Any CPU
		{F9C38B86-B17D-457F-936E-304C482CFBC7}.Debug|Any CPU.Build.0 = Debug|Any CPU
		{F9C38B86-B17D-457F-936E-304C482CFBC7}.Release|Any CPU.ActiveCfg = Release|Any CPU
		{F9C38B86-B17D-457F-936E-304C482CFBC7}.Release|Any CPU.Build.0 = Release|Any CPU
		{6A44B8F9-DA79-45A8-B8D2-C6AAC6B1DAFB}.Debug|Any CPU.ActiveCfg = Debug|Any CPU
		{6A44B8F9-DA79-45A8-B8D2-C6AAC6B1DAFB}.Debug|Any CPU.Build.0 = Debug|Any CPU
		{6A44B8F9-DA79-45A8-B8D2-C6AAC6B1DAFB}.Release|Any CPU.ActiveCfg = Release|Any CPU
		{6A44B8F9-DA79-45A8-B8D2-C6AAC6B1DAFB}.Release|Any CPU.Build.0 = Release|Any CPU
		{CA9337C4-6BD6-45D0-A6E7-DCDEF78B4DFF}.Debug|Any CPU.ActiveCfg = Debug|Any CPU
		{CA9337C4-6BD6-45D0-A6E7-DCDEF78B4DFF}.Debug|Any CPU.Build.0 = Debug|Any CPU
		{CA9337C4-6BD6-45D0-A6E7-DCDEF78B4DFF}.Release|Any CPU.ActiveCfg = Release|Any CPU
		{CA9337C4-6BD6-45D0-A6E7-DCDEF78B4DFF}.Release|Any CPU.Build.0 = Release|Any CPU
		{7B69F326-BB08-45CF-8988-88DA73DFE2B6}.Debug|Any CPU.ActiveCfg = Debug|Any CPU
		{7B69F326-BB08-45CF-8988-88DA73DFE2B6}.Debug|Any CPU.Build.0 = Debug|Any CPU
		{7B69F326-BB08-45CF-8988-88DA73DFE2B6}.Release|Any CPU.ActiveCfg = Release|Any CPU
		{7B69F326-BB08-45CF-8988-88DA73DFE2B6}.Release|Any CPU.Build.0 = Release|Any CPU
		{FF8B0A81-A16A-4B5F-905F-D1C70A18DA0E}.Debug|Any CPU.ActiveCfg = Debug|Any CPU
		{FF8B0A81-A16A-4B5F-905F-D1C70A18DA0E}.Debug|Any CPU.Build.0 = Debug|Any CPU
		{FF8B0A81-A16A-4B5F-905F-D1C70A18DA0E}.Release|Any CPU.ActiveCfg = Release|Any CPU
		{FF8B0A81-A16A-4B5F-905F-D1C70A18DA0E}.Release|Any CPU.Build.0 = Release|Any CPU
	EndGlobalSection
	GlobalSection(SolutionProperties) = preSolution
		HideSolutionNode = FALSE
	EndGlobalSection
	GlobalSection(ExtensibilityGlobals) = postSolution
		SolutionGuid = {B6FD2D24-613B-41B2-8A64-15E25D0FDFC6}
	EndGlobalSection
EndGlobal
